
Microsoft Visual Studio Solution File, Format Version 12.00
# Visual Studio Version 17
VisualStudioVersion = 17.5.33530.505
MinimumVisualStudioVersion = 10.0.40219.1
Project("{FAE04EC0-301F-11D3-BF4B-00C04F79EFBC}") = "DoctorAp", "DoctorAp\DoctorAp.csproj", "{65456B99-2519-4E9B-8A96-7ADDC6FD5D19}"
EndProject
Global
	GlobalSection(SolutionConfigurationPlatforms) = preSolution
		Debug|Any CPU = Debug|Any CPU
		Release|Any CPU = Release|Any CPU
	EndGlobalSection
	GlobalSection(ProjectConfigurationPlatforms) = postSolution
		{65456B99-2519-4E9B-8A96-7ADDC6FD5D19}.Debug|Any CPU.ActiveCfg = Debug|Any CPU
		{65456B99-2519-4E9B-8A96-7ADDC6FD5D19}.Debug|Any CPU.Build.0 = Debug|Any CPU
		{65456B99-2519-4E9B-8A96-7ADDC6FD5D19}.Release|Any CPU.ActiveCfg = Release|Any CPU
		{65456B99-2519-4E9B-8A96-7ADDC6FD5D19}.Release|Any CPU.Build.0 = Release|Any CPU
	EndGlobalSection
	GlobalSection(SolutionProperties) = preSolution
		HideSolutionNode = FALSE
	EndGlobalSection
	GlobalSection(ExtensibilityGlobals) = postSolution
		SolutionGuid = {A132E18B-2CA3-4387-8380-FD4520C2C6A5}
	EndGlobalSection
EndGlobal
